
Microsoft Visual Studio Solution File, Format Version 12.00
# Visual Studio Version 17
VisualStudioVersion = 17.0.31903.59
MinimumVisualStudioVersion = 10.0.40219.1
Project("{FAE04EC0-301F-11D3-BF4B-00C04F79EFBC}") = "DispatchSystemBackend", "Server\DispatchSystemBackend.csproj", "{4E5C72B1-0D69-4072-94C6-2A45CE1851EA}"
EndProject
Project("{FAE04EC0-301F-11D3-BF4B-00C04F79EFBC}") = "Tests", "Tests\Tests.csproj", "{8DA8CCD5-F5AE-4159-86C7-276477CED4A5}"
EndProject
Global
	GlobalSection(SolutionConfigurationPlatforms) = preSolution
		Debug|Any CPU = Debug|Any CPU
		Release|Any CPU = Release|Any CPU
	EndGlobalSection
	GlobalSection(SolutionProperties) = preSolution
		HideSolutionNode = FALSE
	EndGlobalSection
	GlobalSection(ProjectConfigurationPlatforms) = postSolution
		{4E5C72B1-0D69-4072-94C6-2A45CE1851EA}.Debug|Any CPU.ActiveCfg = Debug|Any CPU
		{4E5C72B1-0D69-4072-94C6-2A45CE1851EA}.Debug|Any CPU.Build.0 = Debug|Any CPU
		{4E5C72B1-0D69-4072-94C6-2A45CE1851EA}.Release|Any CPU.ActiveCfg = Release|Any CPU
		{4E5C72B1-0D69-4072-94C6-2A45CE1851EA}.Release|Any CPU.Build.0 = Release|Any CPU
		{8DA8CCD5-F5AE-4159-86C7-276477CED4A5}.Debug|Any CPU.ActiveCfg = Debug|Any CPU
		{8DA8CCD5-F5AE-4159-86C7-276477CED4A5}.Debug|Any CPU.Build.0 = Debug|Any CPU
		{8DA8CCD5-F5AE-4159-86C7-276477CED4A5}.Release|Any CPU.ActiveCfg = Release|Any CPU
		{8DA8CCD5-F5AE-4159-86C7-276477CED4A5}.Release|Any CPU.Build.0 = Release|Any CPU
	EndGlobalSection
EndGlobal
